
Microsoft Visual Studio Solution File, Format Version 11.00
# Visual Studio 2010
Project("{FAE04EC0-301F-11D3-BF4B-00C04F79EFBC}") = "NME2", "NME_Client\NME2.csproj", "{B322C163-C832-4774-9B8C-09DC357D6D29}"
EndProject
Global
	GlobalSection(SubversionScc) = preSolution
		Svn-Managed = True
		Manager = AnkhSVN - Subversion Support for Visual Studio
	EndGlobalSection
	GlobalSection(SolutionConfigurationPlatforms) = preSolution
		Debug|Any CPU = Debug|Any CPU
		Release|Any CPU = Release|Any CPU
	EndGlobalSection
	GlobalSection(ProjectConfigurationPlatforms) = postSolution
		{B322C163-C832-4774-9B8C-09DC357D6D29}.Debug|Any CPU.ActiveCfg = Debug|Any CPU
		{B322C163-C832-4774-9B8C-09DC357D6D29}.Debug|Any CPU.Build.0 = Debug|Any CPU
		{B322C163-C832-4774-9B8C-09DC357D6D29}.Release|Any CPU.ActiveCfg = Release|Any CPU
		{B322C163-C832-4774-9B8C-09DC357D6D29}.Release|Any CPU.Build.0 = Release|Any CPU
	EndGlobalSection
	GlobalSection(SolutionProperties) = preSolution
		HideSolutionNode = FALSE
	EndGlobalSection
EndGlobal
